# THIS IS AN AUTOGENERATED FILE. DO NOT EDIT THIS FILE DIRECTLY.
# yarn lockfile v1


typescript-language-server@*:
  version "4.1.3"
  resolved "https://registry.yarnpkg.com/typescript-language-server/-/typescript-language-server-4.1.3.tgz#fc88e8fa426bc36be4f0bfc4622e129f4c9c1a97"
  integrity sha512-miJcwsS5ZGuYlix9mbGZDF96ynzgxAZbCeQO2MpgaVahmnRjoZ3dI6hnnsvBbdTrpHAAEqdigOnVezoOzcXSag==

typescript@*:
  version "5.3.2"
  resolved "https://registry.yarnpkg.com/typescript/-/typescript-5.3.2.tgz#00d1c7c1c46928c5845c1ee8d0cc2791031d4c43"
  integrity sha512-6l+RyNy7oAHDfxC4FzSJcz9vnjTKxrLpDG5M2Vu4SHRVNg6xzqZp6LYSR9zjqQTu8DU/f5xwxUdADOkbrIX2gQ==
