# THIS IS AN AUTOGENERATED FILE. DO NOT EDIT THIS FILE DIRECTLY.
# yarn lockfile v1


typescript-language-server@*:
  version "4.0.0"
  resolved "https://registry.yarnpkg.com/typescript-language-server/-/typescript-language-server-4.0.0.tgz#93c753f3caddbe312cc3c0b3c52f19410420a857"
  integrity sha512-u6GLfWtHzOfGNpn0XuUYFg8Jv3oXWKzY6o5/Lt6LbWE6Ux965z2lP+vM0AN8Z2EobnlrDzzdcKusUx46j2eP3A==

typescript@*:
  version "5.2.2"
  resolved "https://registry.yarnpkg.com/typescript/-/typescript-5.2.2.tgz#5ebb5e5a5b75f085f22bc3f8460fba308310fa78"
  integrity sha512-mI4WrpHsbCIcwT9cF4FZvr80QUeKvsUsUvKDoR+X/7XHQH98xYD8YHZg7ANtz2GtZt/CBq2QJ0thkGJMHfqc1w==
