{
  "name": "flow",
  "lockfileVersion": 2,
  "requires": true,
  "packages": {
    "": {
      "dependencies": {
        "flow-bin": "^0.148.0"
      }
    },
    "node_modules/flow-bin": {
      "version": "0.148.0",
      "resolved": "https://registry.npmjs.org/flow-bin/-/flow-bin-0.148.0.tgz",
      "integrity": "sha512-7Cx6BUm8UAlbqtYJNYXdMrh900MQhNV+SjtBxZuWN7UmlVG4tIRNzNLEOjNnj2DN2vcL1wfI5IlSUXnws/QCEw==",
      "bin": {
        "flow": "cli.js"
      },
      "engines": {
        "node": ">=0.10.0"
      }
    }
  },
  "dependencies": {
    "flow-bin": {
      "version": "0.148.0",
      "resolved": "https://registry.npmjs.org/flow-bin/-/flow-bin-0.148.0.tgz",
      "integrity": "sha512-7Cx6BUm8UAlbqtYJNYXdMrh900MQhNV+SjtBxZuWN7UmlVG4tIRNzNLEOjNnj2DN2vcL1wfI5IlSUXnws/QCEw=="
    }
  }
}
