{
  "name": "flow",
  "lockfileVersion": 2,
  "requires": true,
  "packages": {
    "": {
      "dependencies": {
        "flow-bin": "*"
      }
    },
    "node_modules/flow-bin": {
      "version": "0.160.2",
      "resolved": "https://registry.npmjs.org/flow-bin/-/flow-bin-0.160.2.tgz",
      "integrity": "sha512-vrsiPwcqdaBsuQmPZXjF0tdKqgoVc2wH+nHamvqFzvgnQLJMLN+N0seqaOMH8t/3YKnAEbY/uZ440mALE/+WLw==",
      "bin": {
        "flow": "cli.js"
      },
      "engines": {
        "node": ">=0.10.0"
      }
    }
  },
  "dependencies": {
    "flow-bin": {
      "version": "0.160.2",
      "resolved": "https://registry.npmjs.org/flow-bin/-/flow-bin-0.160.2.tgz",
      "integrity": "sha512-vrsiPwcqdaBsuQmPZXjF0tdKqgoVc2wH+nHamvqFzvgnQLJMLN+N0seqaOMH8t/3YKnAEbY/uZ440mALE/+WLw=="
    }
  }
}
