{
  "requires": true,
  "lockfileVersion": 1,
  "dependencies": {
    "flow-bin": {
      "version": "0.148.0",
      "resolved": "https://registry.npmjs.org/flow-bin/-/flow-bin-0.148.0.tgz",
      "integrity": "sha512-7Cx6BUm8UAlbqtYJNYXdMrh900MQhNV+SjtBxZuWN7UmlVG4tIRNzNLEOjNnj2DN2vcL1wfI5IlSUXnws/QCEw=="
    }
  }
}
