# THIS IS AN AUTOGENERATED FILE. DO NOT EDIT THIS FILE DIRECTLY.
# yarn lockfile v1


flow-bin@*:
  version "0.171.0"
  resolved "https://registry.yarnpkg.com/flow-bin/-/flow-bin-0.171.0.tgz#43902cf3ab10704a9c8a96bd16f789d92490ba1c"
  integrity sha512-2HEiXAyE60ztGs+loFk6XSskL69THL6tSjzopUcbwgfrdbuZ5Jhv23qh1jUKP5AZJh0NNwxaFZ6To2p6xR+GEA==
