# THIS IS AN AUTOGENERATED FILE. DO NOT EDIT THIS FILE DIRECTLY.
# yarn lockfile v1


flow-bin@*:
  version "0.179.0"
  resolved "https://registry.yarnpkg.com/flow-bin/-/flow-bin-0.179.0.tgz#a9afbedda1687726296bfc8bd34247a6aae34d4f"
  integrity sha512-odCiPkX5Vjrgupqxq2cjib0GtzAjGRHVkLk4TG15N4B+Fd2ghb8HSW6zrdX9GwaXrsuocxm5+oVzkaaUYUf+Pg==
