# THIS IS AN AUTOGENERATED FILE. DO NOT EDIT THIS FILE DIRECTLY.
# yarn lockfile v1


flow-bin@*:
  version "0.223.0"
  resolved "https://registry.yarnpkg.com/flow-bin/-/flow-bin-0.223.0.tgz#38fb6efd6c202b774d01834ded0620eb8eebad89"
  integrity sha512-E+GmTcBTPIRfnX/Dk19zJewX9grxoVQU+RG3Ypd/Os0OkUSOF7K3Sxo2I+8Oz1EpnPMGhnbM4WRAUuY0JaHRsw==
