# THIS IS AN AUTOGENERATED FILE. DO NOT EDIT THIS FILE DIRECTLY.
# yarn lockfile v1


"@biomejs/biome@*":
  version "1.3.1"
  resolved "https://registry.yarnpkg.com/@biomejs/biome/-/biome-1.3.1.tgz#6ab36d619e04ebd22ca96a7ea3386acd3bddd1d8"
  integrity sha512-ufGCBj8ZNbF+vZDZscqvvLIGsh8M4BduQoJ1X3nm8c9Dupp8gzAKibZSWDLLcgnsAVeKEmWwY6r3Wv/JIa0LgA==
  optionalDependencies:
    "@biomejs/cli-darwin-arm64" "1.3.1"
    "@biomejs/cli-darwin-x64" "1.3.1"
    "@biomejs/cli-linux-arm64" "1.3.1"
    "@biomejs/cli-linux-x64" "1.3.1"
    "@biomejs/cli-win32-arm64" "1.3.1"
    "@biomejs/cli-win32-x64" "1.3.1"

"@biomejs/cli-darwin-arm64@1.3.1":
  version "1.3.1"
  resolved "https://registry.yarnpkg.com/@biomejs/cli-darwin-arm64/-/cli-darwin-arm64-1.3.1.tgz#170b0063686112dc667f1b40170d83da19216241"
  integrity sha512-m3cBroQftLFYFh3to6RO4ooLqZsE2K9yf5xOlDjm6D4Vrgq85XFwDOxjjJyGGDjDPQ55xGunm80qmGr8jTjiyA==

"@biomejs/cli-darwin-x64@1.3.1":
  version "1.3.1"
  resolved "https://registry.yarnpkg.com/@biomejs/cli-darwin-x64/-/cli-darwin-x64-1.3.1.tgz#170569dbdc874e2b926790dbf66f32bf05ea0a85"
  integrity sha512-i2yDivc/HHBRFJMoRUUPsFs9pKK0NnS/8tQg/uqNsAkLMF9OKZCCxtUJPmpUBHpdQ2f39An1cVpFmCIEv0uYJQ==

"@biomejs/cli-linux-arm64@1.3.1":
  version "1.3.1"
  resolved "https://registry.yarnpkg.com/@biomejs/cli-linux-arm64/-/cli-linux-arm64-1.3.1.tgz#8c26ad89eb8bab3a680ede83430e593ceed4ac0a"
  integrity sha512-H56MB7Mf59snzG+nLpfS2j3jXsJ+a6aQOBeRiT0rgn44FZ63yI9jWNIgN1+Xylsa8shmwtquOkoxLS/4KKt0Qg==

"@biomejs/cli-linux-x64@1.3.1":
  version "1.3.1"
  resolved "https://registry.yarnpkg.com/@biomejs/cli-linux-x64/-/cli-linux-x64-1.3.1.tgz#47604e949f4cb9c4343e03a088cd86f7768a4359"
  integrity sha512-8ENayCpYXXC77a7AxDNjC+pPKMYteLzysxhkCCZ7Gd2sWtrH8iMM45JL8wQJhoHz5NT3+qgsfGafiNuxeVAVlg==

"@biomejs/cli-win32-arm64@1.3.1":
  version "1.3.1"
  resolved "https://registry.yarnpkg.com/@biomejs/cli-win32-arm64/-/cli-win32-arm64-1.3.1.tgz#0a32fee3f71971854df5bf126250661dd09b2465"
  integrity sha512-gAx/E949/1/jQDwG9nTspVtjikBI/y7RbbUwwBVABF1bcAUC63VhrHfKJRbM7VTXMlZ7n9YrxkyMww8vf40qcQ==

"@biomejs/cli-win32-x64@1.3.1":
  version "1.3.1"
  resolved "https://registry.yarnpkg.com/@biomejs/cli-win32-x64/-/cli-win32-x64-1.3.1.tgz#dc5d5f4198333de084ee35773a3f8681847cd2d0"
  integrity sha512-+08eKmEdVM7d4UxY/tff2aPXbeUNNp6wwH7v0FbrE+25mH9lhELgylEk4+k6OLXOcDT7KDAduzP2f9CuM/Aj9w==
