# THIS IS AN AUTOGENERATED FILE. DO NOT EDIT THIS FILE DIRECTLY.
# yarn lockfile v1


"@biomejs/biome@*":
  version "1.4.1"
  resolved "https://registry.yarnpkg.com/@biomejs/biome/-/biome-1.4.1.tgz#b698c67ea8cd8141c8e27f857c8e6e794320a251"
  integrity sha512-JccVAwPbhi37pdxbAGmaOBjUTKEwEjWAhl7rKkVVuXHo4MLASXJ5HR8BTgrImi4/7rTBsGz1tgVD1Kwv1CHGRg==
  optionalDependencies:
    "@biomejs/cli-darwin-arm64" "1.4.1"
    "@biomejs/cli-darwin-x64" "1.4.1"
    "@biomejs/cli-linux-arm64" "1.4.1"
    "@biomejs/cli-linux-x64" "1.4.1"
    "@biomejs/cli-win32-arm64" "1.4.1"
    "@biomejs/cli-win32-x64" "1.4.1"

"@biomejs/cli-darwin-arm64@1.4.1":
  version "1.4.1"
  resolved "https://registry.yarnpkg.com/@biomejs/cli-darwin-arm64/-/cli-darwin-arm64-1.4.1.tgz#75f9c3c9b1abed8836c8f7bc8cd23ba153fb93d1"
  integrity sha512-PZWy2Idndqux38p6AXSDQM2ldRAWi32bvb7bMbTN0ALzpWYMYnxd71ornatumSSJYoNhKmxzDLq+jct7nZJ79w==

"@biomejs/cli-darwin-x64@1.4.1":
  version "1.4.1"
  resolved "https://registry.yarnpkg.com/@biomejs/cli-darwin-x64/-/cli-darwin-x64-1.4.1.tgz#672fcce2d339de3bb7a7bd2997e94f03121a28a3"
  integrity sha512-soj3BWhnsM1M2JlzR09cibUzG1owJqetwj/Oo7yg0foijo9lNH9XWXZfJBYDKgW/6Fomn+CC2EcUS+hisQzt9g==

"@biomejs/cli-linux-arm64@1.4.1":
  version "1.4.1"
  resolved "https://registry.yarnpkg.com/@biomejs/cli-linux-arm64/-/cli-linux-arm64-1.4.1.tgz#c816206089ad29ce866c58a6e00e9d3d64a3529d"
  integrity sha512-YIZqfJUg4F+fPsBTXxgD7EU2E5OAYbmYSl/snf4PevwfQCWE/omOFZv+NnIQmjYj9I7ParDgcJvanoA3/kO0JQ==

"@biomejs/cli-linux-x64@1.4.1":
  version "1.4.1"
  resolved "https://registry.yarnpkg.com/@biomejs/cli-linux-x64/-/cli-linux-x64-1.4.1.tgz#2639daeab1be205cfe444a8d5a3f76aa3a59b956"
  integrity sha512-9YOZw3qBd/KUj63A6Hn2zZgzGb2nbESM0qNmeMXgmqinVKM//uc4OgY5TuKITuGjMSvcVxxd4dX1IzYjV9qvNQ==

"@biomejs/cli-win32-arm64@1.4.1":
  version "1.4.1"
  resolved "https://registry.yarnpkg.com/@biomejs/cli-win32-arm64/-/cli-win32-arm64-1.4.1.tgz#ed5e749b2e0987cf16b545beaa01be6980ae8ce1"
  integrity sha512-nWQbvkNKxYn/kCQ0yVF8kCaS3VzaGvtFSmItXiMknU4521LDjJ7tNWH12Gol+pIslrCbd4E1LhJa0a3ThRsBVg==

"@biomejs/cli-win32-x64@1.4.1":
  version "1.4.1"
  resolved "https://registry.yarnpkg.com/@biomejs/cli-win32-x64/-/cli-win32-x64-1.4.1.tgz#dd8ee6e14a5d74cbeb2eb9824a43c61bb5c460e4"
  integrity sha512-88fR2CQxQ4YLs2BUDuywWYQpUKgU3A3sTezANFc/4LGKQFFLV2yX+F7QAdZVkMHfA+RD9Xg178HomM/6mnTNPA==
