# THIS IS AN AUTOGENERATED FILE. DO NOT EDIT THIS FILE DIRECTLY.
# yarn lockfile v1


"@unicode/unicode-17.0.0@*":
  version "1.6.16"
  resolved "https://registry.yarnpkg.com/@unicode/unicode-17.0.0/-/unicode-17.0.0-1.6.16.tgz#23150e81c1b452e831b700a0f3c2bf1a6b9dc205"
  integrity sha512-advq5p36zZ+PDRUpDkWcHHR++R19kx0LYB5iG3bj0KB8mYVKg0ywS996e2bXeXxDb8XdOF7KTivcx7VkYie1pg==

prettier@^2.8.4:
  version "2.8.4"
  resolved "https://registry.yarnpkg.com/prettier/-/prettier-2.8.4.tgz#34dd2595629bfbb79d344ac4a91ff948694463c3"
  integrity sha512-vIS4Rlc2FNh0BySk3Wkd6xmwxB0FpOndW5fisM5H8hsZSxU2VWVB5CWIkIjWvrHjIhxk2g3bfMKM87zNTrZddw==
