# THIS IS AN AUTOGENERATED FILE. DO NOT EDIT THIS FILE DIRECTLY.
# yarn lockfile v1


"@unicode/unicode-15.0.0@*":
  version "1.5.2"
  resolved "https://registry.yarnpkg.com/@unicode/unicode-15.0.0/-/unicode-15.0.0-1.5.2.tgz#5350ad022050ca5e165f8352d9f971d418c99deb"
  integrity sha512-PepMvMxf9j4sp4bZn7W9JJoMxynHk66ZPCsx6n3v47T5vmM+qfIy0z1MMU+EDmRZr2cvs1aT9ZwUEMRPVXR23g==

"@unicode/unicode-15.1.0@*":
  version "1.5.2"
  resolved "https://registry.yarnpkg.com/@unicode/unicode-15.1.0/-/unicode-15.1.0-1.5.2.tgz#0358d05ab99a7d05c12c68cc2123cf124c34beb9"
  integrity sha512-7PAgnShDr8ziK6XeHB/TUVFboDFEhaQKKyrw55/Kx9o6AQDy1s7dJ9KRpRerW9nrR5qMGUQvOqTXOAek6ZIXkg==

prettier@^2.8.4:
  version "2.8.4"
  resolved "https://registry.yarnpkg.com/prettier/-/prettier-2.8.4.tgz#34dd2595629bfbb79d344ac4a91ff948694463c3"
  integrity sha512-vIS4Rlc2FNh0BySk3Wkd6xmwxB0FpOndW5fisM5H8hsZSxU2VWVB5CWIkIjWvrHjIhxk2g3bfMKM87zNTrZddw==
