# THIS IS AN AUTOGENERATED FILE. DO NOT EDIT THIS FILE DIRECTLY.
# yarn lockfile v1


"@unicode/unicode-14.0.0@1.2.1":
  version "1.2.1"
  resolved "https://registry.yarnpkg.com/@unicode/unicode-14.0.0/-/unicode-14.0.0-1.2.1.tgz#208b0610bf4736467efa47577e026bbc00eed332"
  integrity sha512-M7NfPQP0PsCRFIUnmtFMgMiC5CCB26YwURCWIE48RQKbtN61sXrDhuXNq9w/tkBOtVeU84IAB1MMK9c+d2iR7A==

prettier@^2.5.0:
  version "2.5.0"
  resolved "https://registry.yarnpkg.com/prettier/-/prettier-2.5.0.tgz#a6370e2d4594e093270419d9cc47f7670488f893"
  integrity sha512-FM/zAKgWTxj40rH03VxzIPdXmj39SwSjwG0heUcNFwI+EMZJnY93yAiKXM3dObIKAM5TA88werc8T/EwhB45eg==
