# THIS IS AN AUTOGENERATED FILE. DO NOT EDIT THIS FILE DIRECTLY.
# yarn lockfile v1


coc.nvim@^0.0.81-next.3:
  version "0.0.81-next.3"
  resolved "https://registry.yarnpkg.com/coc.nvim/-/coc.nvim-0.0.81-next.3.tgz#d71cc13a8a4c6d98133047b799ab7c78ba3a0bf7"
  integrity sha512-eKOxzfBhOZ8t7/zpgmDcC1aS8hkTGz8pe/t4ntN/J2G64I0l9j27/P+8HIbPmGS2WgHv9HmNLFqnquC391Xmbw==

prettier@^2.3.0:
  version "2.3.0"
  resolved "https://registry.yarnpkg.com/prettier/-/prettier-2.3.0.tgz#b6a5bf1284026ae640f17f7ff5658a7567fc0d18"
  integrity sha512-kXtO4s0Lz/DW/IJ9QdWhAf7/NmPWQXkFr/r/WkR3vyI+0v8amTDxiaQSLzs8NBlytfLWX/7uQUMIW677yLKl4w==

quick-lint-js-wasm@../../wasm:
  version "0.0.0"
