# This file was autogenerated by Stack.
# You should not edit this file by hand.
# For more information, please see the documentation at:
#   https://docs.haskellstack.org/en/stable/lock_files

packages:
- completed:
    size: 138386
    subdir: lsp-test
    url: https://github.com/quick-lint/haskell-lsp/archive/225adabb5983c03d0284cbce6d2589ffc5ae707f.tar.gz
    name: lsp-test
    version: 0.14.0.0
    sha256: 67d965f237e4f847aa90ec0aec79f1cd17647dac16a8b9c1b3ae5ea87a97b757
    pantry-tree:
      size: 2061
      sha256: 648a22a1a98ae016ec69f873355862c846f8164400a5731f87da83985adfba59
  original:
    subdir: lsp-test
    url: https://github.com/quick-lint/haskell-lsp/archive/225adabb5983c03d0284cbce6d2589ffc5ae707f.tar.gz
- completed:
    size: 138386
    subdir: lsp-types
    url: https://github.com/quick-lint/haskell-lsp/archive/225adabb5983c03d0284cbce6d2589ffc5ae707f.tar.gz
    name: lsp-types
    version: 1.2.0.0
    sha256: 67d965f237e4f847aa90ec0aec79f1cd17647dac16a8b9c1b3ae5ea87a97b757
    pantry-tree:
      size: 3984
      sha256: a4fda7c4a02b6829676b48f079026b245f89f5db01582a09864294ee45a20b91
  original:
    subdir: lsp-types
    url: https://github.com/quick-lint/haskell-lsp/archive/225adabb5983c03d0284cbce6d2589ffc5ae707f.tar.gz
- completed:
    hackage: constraints-extras-0.3.1.0@sha256:12016ebb91ad5ed2c82bf7e48c6bd6947d164d33c9dca5ac3965de1bb6c780c0,1777
    pantry-tree:
      size: 595
      sha256: 5fe01617233b7f66ba0e2aef95b218a19225a22e4193a8ed93999a3b7c43a4f3
  original:
    hackage: constraints-extras-0.3.1.0
- completed:
    hackage: dependent-sum-0.7.1.0@sha256:0e419237f5b86da3659772afff9cab355c0f8d5b3fdb15a5b30e673d8dc83941,2147
    pantry-tree:
      size: 290
      sha256: 009601e5d33e835c7a384e240c5c6ad12643bce9c54b2a0b07201daee3380e51
  original:
    hackage: dependent-sum-0.7.1.0
- completed:
    hackage: dependent-sum-template-0.1.0.3@sha256:0bbbacdfbd3abf2a15aaf0cf2c27e5bdd159b519441fec39e1e6f2f54424adde,1682
    pantry-tree:
      size: 436
      sha256: 32eeadeb991a290a1da41ce7e995dee7d38ebba3bd3e53ea8074c32c086701fd
  original:
    hackage: dependent-sum-template-0.1.0.3
snapshots:
- completed:
    size: 567037
    url: https://raw.githubusercontent.com/commercialhaskell/stackage-snapshots/master/lts/17/9.yaml
    sha256: d7d8d5106e53d1669964bd8bd2b0f88a5ad192d772f5376384b76738fd992311
  original: lts-17.9
