# THIS IS AN AUTOGENERATED FILE. DO NOT EDIT THIS FILE DIRECTLY.
# yarn lockfile v1


parse5@^6.0.1:
  version "6.0.1"
  resolved "https://registry.yarnpkg.com/parse5/-/parse5-6.0.1.tgz#e1a1c085c569b3dc08321184f19a39cc27f7c30b"
  integrity sha512-Ofn/CTFzRGTTxwpNEs9PP93gXShHcTq255nzRYSKe8AkVpZY7e1fpmTfOyoIvjP5HG7Z2ZM7VS9PPhQGW2pOpw==

prettier@^2.4.1:
  version "2.4.1"
  resolved "https://registry.yarnpkg.com/prettier/-/prettier-2.4.1.tgz#671e11c89c14a4cfc876ce564106c4a6726c9f5c"
  integrity sha512-9fbDAXSBcc6Bs1mZrDYb3XKzDLm4EXXL9sC1LqKP5rZkT6KRr/rf9amVUcODVXgguK/isJz0d0hP72WeaKWsvA==

webidl2@^24.1.2:
  version "24.1.2"
  resolved "https://registry.yarnpkg.com/webidl2/-/webidl2-24.1.2.tgz#1467a01cf9e6d060ef7240d73b95f5f5627d729d"
  integrity sha512-AyfWN34VRdJCtcQYK4DAnwU0fFA0BHBEnbdly1PBW941QYN8O+oOx8lf4r1JuPRKuI/vimAzlRxtwTM+ACwnzg==
