# THIS IS AN AUTOGENERATED FILE. DO NOT EDIT THIS FILE DIRECTLY.
# yarn lockfile v1


entities@^4.4.0:
  version "4.4.0"
  resolved "https://registry.yarnpkg.com/entities/-/entities-4.4.0.tgz#97bdaba170339446495e653cfd2db78962900174"
  integrity sha512-oYp7156SP8LkeGD0GF85ad1X9Ai79WtRsZ2gxJqtBuzH+98YUV6jkHEKlZkMbcrjJjIVJNIDP/3WL9wQkoPbWA==

parse5@^7.1.1:
  version "7.1.1"
  resolved "https://registry.yarnpkg.com/parse5/-/parse5-7.1.1.tgz#4649f940ccfb95d8754f37f73078ea20afe0c746"
  integrity sha512-kwpuwzB+px5WUg9pyK0IcK/shltJN5/OVhQagxhCQNtT9Y9QRZqNY2e1cmbu/paRh5LMnz/oVTVLBpjFmMZhSg==
  dependencies:
    entities "^4.4.0"

prettier@^2.7.1:
  version "2.7.1"
  resolved "https://registry.yarnpkg.com/prettier/-/prettier-2.7.1.tgz#e235806850d057f97bb08368a4f7d899f7760c64"
  integrity sha512-ujppO+MkdPqoVINuDFDRLClm7D78qbDt0/NR+wp5FqEZOoTNAjPHWj17QRhu7geIHJfcNhRk1XVQmF8Bp3ye+g==

webidl2@^24.2.2:
  version "24.2.2"
  resolved "https://registry.yarnpkg.com/webidl2/-/webidl2-24.2.2.tgz#737132152bb1e2c4ae3a5839b663edb51cf0b8eb"
  integrity sha512-4l1lBuUqfNBZDzQfG0dpM2haInTZ+IRnXwbWn9Oc49boPTlXQS8Hpg4GK4kE7M+504ZUKCwzBxtQR/0wPVokUw==
