{
  "name": "rome",
  "lockfileVersion": 2,
  "requires": true,
  "packages": {
    "": {
      "dependencies": {
        "rome": "^10.0.4-beta"
      }
    },
    "node_modules/rome": {
      "version": "10.0.4-beta",
      "resolved": "https://registry.npmjs.org/rome/-/rome-10.0.4-beta.tgz",
      "integrity": "sha512-wDD/ZdImSt7Cg1/u3TxIBjIs56tEhPmXV/Rry1nExV+RogaLaF1IXTUbYNXDFzXBk9fEg+gnBovkY4WN/f41WQ==",
      "bin": {
        "rome": "bin/rome/index.js"
      },
      "engines": {
        "node": ">=12.8.1"
      }
    }
  },
  "dependencies": {
    "rome": {
      "version": "10.0.4-beta",
      "resolved": "https://registry.npmjs.org/rome/-/rome-10.0.4-beta.tgz",
      "integrity": "sha512-wDD/ZdImSt7Cg1/u3TxIBjIs56tEhPmXV/Rry1nExV+RogaLaF1IXTUbYNXDFzXBk9fEg+gnBovkY4WN/f41WQ=="
    }
  }
}
